
Microsoft Visual Studio Solution File, Format Version 12.00
# Visual Studio 2013
VisualStudioVersion = 12.0.31101.0
MinimumVisualStudioVersion = 10.0.40219.1
Project("{FAE04EC0-301F-11D3-BF4B-00C04F79EFBC}") = "AirManager", "AirManager\AirManager.csproj", "{F869FA29-129E-49ED-A42B-99A33DE21123}"
EndProject
Project("{FAE04EC0-301F-11D3-BF4B-00C04F79EFBC}") = "AirManager.Infrastructure", "AirManager.Common\AirManager.Infrastructure.csproj", "{D6074F29-A044-43C0-8D27-34EC5A54D7A5}"
EndProject
Project("{FAE04EC0-301F-11D3-BF4B-00C04F79EFBC}") = "AirManager.Airlines", "AirManager.Airlines\AirManager.Airlines.csproj", "{C5D7E898-45AB-453E-B64B-5482783BE899}"
EndProject
Project("{FAE04EC0-301F-11D3-BF4B-00C04F79EFBC}") = "AirManager.Infrastructure.Tests", "AirManager.Infrastructure.Tests\AirManager.Infrastructure.Tests.csproj", "{48CF817B-D6D3-40DE-9415-816F0F4F0555}"
EndProject
Project("{FAE04EC0-301F-11D3-BF4B-00C04F79EFBC}") = "AirManager.Airlines.Tests", "AirManager.Airlines.Tests\AirManager.Airlines.Tests.csproj", "{9EBE22BC-61AA-458D-8B70-8DE887938106}"
EndProject
Project("{2150E333-8FDC-42A3-9474-1A3956D46DE8}") = ".nuget", ".nuget", "{62B257F0-8D5E-49F6-9787-8C22FCC96256}"
	ProjectSection(SolutionItems) = preProject
		.nuget\NuGet.Config = .nuget\NuGet.Config
		.nuget\NuGet.exe = .nuget\NuGet.exe
		.nuget\NuGet.targets = .nuget\NuGet.targets
	EndProjectSection
EndProject
Project("{930C7802-8A8C-48F9-8165-68863BCCD9DD}") = "AirManager.Installer", "AirManager.Installer\AirManager.Installer.wixproj", "{FB3DABCD-E019-468A-8D4A-9E73684B07AB}"
EndProject
Project("{FAE04EC0-301F-11D3-BF4B-00C04F79EFBC}") = "AirManager.Splash", "AirManager.Splash\AirManager.Splash.csproj", "{26548CDF-2AE9-4A05-9722-BCB8642B26C5}"
EndProject
Project("{FAE04EC0-301F-11D3-BF4B-00C04F79EFBC}") = "AirManager.Boot", "AirManager.Boot\AirManager.Boot.csproj", "{AE952BA2-0452-40A4-A9E8-9C4EBE8FC197}"
EndProject
Project("{930C7802-8A8C-48F9-8165-68863BCCD9DD}") = "AirManager.Bundle", "AirManager.Bundle\AirManager.Bundle.wixproj", "{427CD6F9-B713-49D9-BF1A-4C645EA386E6}"
EndProject
Global
	GlobalSection(SolutionConfigurationPlatforms) = preSolution
		Debug|Any CPU = Debug|Any CPU
		Debug|Mixed Platforms = Debug|Mixed Platforms
		Debug|x86 = Debug|x86
		Release|Any CPU = Release|Any CPU
		Release|Mixed Platforms = Release|Mixed Platforms
		Release|x86 = Release|x86
	EndGlobalSection
	GlobalSection(ProjectConfigurationPlatforms) = postSolution
		{F869FA29-129E-49ED-A42B-99A33DE21123}.Debug|Any CPU.ActiveCfg = Debug|Any CPU
		{F869FA29-129E-49ED-A42B-99A33DE21123}.Debug|Any CPU.Build.0 = Debug|Any CPU
		{F869FA29-129E-49ED-A42B-99A33DE21123}.Debug|Mixed Platforms.ActiveCfg = Debug|Any CPU
		{F869FA29-129E-49ED-A42B-99A33DE21123}.Debug|Mixed Platforms.Build.0 = Debug|Any CPU
		{F869FA29-129E-49ED-A42B-99A33DE21123}.Debug|x86.ActiveCfg = Debug|Any CPU
		{F869FA29-129E-49ED-A42B-99A33DE21123}.Release|Any CPU.ActiveCfg = Release|Any CPU
		{F869FA29-129E-49ED-A42B-99A33DE21123}.Release|Any CPU.Build.0 = Release|Any CPU
		{F869FA29-129E-49ED-A42B-99A33DE21123}.Release|Mixed Platforms.ActiveCfg = Release|Any CPU
		{F869FA29-129E-49ED-A42B-99A33DE21123}.Release|Mixed Platforms.Build.0 = Release|Any CPU
		{F869FA29-129E-49ED-A42B-99A33DE21123}.Release|x86.ActiveCfg = Release|Any CPU
		{D6074F29-A044-43C0-8D27-34EC5A54D7A5}.Debug|Any CPU.ActiveCfg = Debug|Any CPU
		{D6074F29-A044-43C0-8D27-34EC5A54D7A5}.Debug|Any CPU.Build.0 = Debug|Any CPU
		{D6074F29-A044-43C0-8D27-34EC5A54D7A5}.Debug|Mixed Platforms.ActiveCfg = Debug|Any CPU
		{D6074F29-A044-43C0-8D27-34EC5A54D7A5}.Debug|Mixed Platforms.Build.0 = Debug|Any CPU
		{D6074F29-A044-43C0-8D27-34EC5A54D7A5}.Debug|x86.ActiveCfg = Debug|Any CPU
		{D6074F29-A044-43C0-8D27-34EC5A54D7A5}.Release|Any CPU.ActiveCfg = Release|Any CPU
		{D6074F29-A044-43C0-8D27-34EC5A54D7A5}.Release|Any CPU.Build.0 = Release|Any CPU
		{D6074F29-A044-43C0-8D27-34EC5A54D7A5}.Release|Mixed Platforms.ActiveCfg = Release|Any CPU
		{D6074F29-A044-43C0-8D27-34EC5A54D7A5}.Release|Mixed Platforms.Build.0 = Release|Any CPU
		{D6074F29-A044-43C0-8D27-34EC5A54D7A5}.Release|x86.ActiveCfg = Release|Any CPU
		{C5D7E898-45AB-453E-B64B-5482783BE899}.Debug|Any CPU.ActiveCfg = Debug|Any CPU
		{C5D7E898-45AB-453E-B64B-5482783BE899}.Debug|Any CPU.Build.0 = Debug|Any CPU
		{C5D7E898-45AB-453E-B64B-5482783BE899}.Debug|Mixed Platforms.ActiveCfg = Debug|Any CPU
		{C5D7E898-45AB-453E-B64B-5482783BE899}.Debug|Mixed Platforms.Build.0 = Debug|Any CPU
		{C5D7E898-45AB-453E-B64B-5482783BE899}.Debug|x86.ActiveCfg = Debug|Any CPU
		{C5D7E898-45AB-453E-B64B-5482783BE899}.Release|Any CPU.ActiveCfg = Release|Any CPU
		{C5D7E898-45AB-453E-B64B-5482783BE899}.Release|Any CPU.Build.0 = Release|Any CPU
		{C5D7E898-45AB-453E-B64B-5482783BE899}.Release|Mixed Platforms.ActiveCfg = Release|Any CPU
		{C5D7E898-45AB-453E-B64B-5482783BE899}.Release|Mixed Platforms.Build.0 = Release|Any CPU
		{C5D7E898-45AB-453E-B64B-5482783BE899}.Release|x86.ActiveCfg = Release|Any CPU
		{48CF817B-D6D3-40DE-9415-816F0F4F0555}.Debug|Any CPU.ActiveCfg = Debug|Any CPU
		{48CF817B-D6D3-40DE-9415-816F0F4F0555}.Debug|Any CPU.Build.0 = Debug|Any CPU
		{48CF817B-D6D3-40DE-9415-816F0F4F0555}.Debug|Mixed Platforms.ActiveCfg = Debug|Any CPU
		{48CF817B-D6D3-40DE-9415-816F0F4F0555}.Debug|Mixed Platforms.Build.0 = Debug|Any CPU
		{48CF817B-D6D3-40DE-9415-816F0F4F0555}.Debug|x86.ActiveCfg = Debug|Any CPU
		{48CF817B-D6D3-40DE-9415-816F0F4F0555}.Release|Any CPU.ActiveCfg = Release|Any CPU
		{48CF817B-D6D3-40DE-9415-816F0F4F0555}.Release|Any CPU.Build.0 = Release|Any CPU
		{48CF817B-D6D3-40DE-9415-816F0F4F0555}.Release|Mixed Platforms.ActiveCfg = Release|Any CPU
		{48CF817B-D6D3-40DE-9415-816F0F4F0555}.Release|Mixed Platforms.Build.0 = Release|Any CPU
		{48CF817B-D6D3-40DE-9415-816F0F4F0555}.Release|x86.ActiveCfg = Release|Any CPU
		{9EBE22BC-61AA-458D-8B70-8DE887938106}.Debug|Any CPU.ActiveCfg = Debug|Any CPU
		{9EBE22BC-61AA-458D-8B70-8DE887938106}.Debug|Any CPU.Build.0 = Debug|Any CPU
		{9EBE22BC-61AA-458D-8B70-8DE887938106}.Debug|Mixed Platforms.ActiveCfg = Debug|Any CPU
		{9EBE22BC-61AA-458D-8B70-8DE887938106}.Debug|Mixed Platforms.Build.0 = Debug|Any CPU
		{9EBE22BC-61AA-458D-8B70-8DE887938106}.Debug|x86.ActiveCfg = Debug|Any CPU
		{9EBE22BC-61AA-458D-8B70-8DE887938106}.Release|Any CPU.ActiveCfg = Release|Any CPU
		{9EBE22BC-61AA-458D-8B70-8DE887938106}.Release|Any CPU.Build.0 = Release|Any CPU
		{9EBE22BC-61AA-458D-8B70-8DE887938106}.Release|Mixed Platforms.ActiveCfg = Release|Any CPU
		{9EBE22BC-61AA-458D-8B70-8DE887938106}.Release|Mixed Platforms.Build.0 = Release|Any CPU
		{9EBE22BC-61AA-458D-8B70-8DE887938106}.Release|x86.ActiveCfg = Release|Any CPU
		{FB3DABCD-E019-468A-8D4A-9E73684B07AB}.Debug|Any CPU.ActiveCfg = Debug|x86
		{FB3DABCD-E019-468A-8D4A-9E73684B07AB}.Debug|Mixed Platforms.ActiveCfg = Debug|x86
		{FB3DABCD-E019-468A-8D4A-9E73684B07AB}.Debug|x86.ActiveCfg = Debug|x86
		{FB3DABCD-E019-468A-8D4A-9E73684B07AB}.Debug|x86.Build.0 = Debug|x86
		{FB3DABCD-E019-468A-8D4A-9E73684B07AB}.Release|Any CPU.ActiveCfg = Release|x86
		{FB3DABCD-E019-468A-8D4A-9E73684B07AB}.Release|Any CPU.Build.0 = Release|x86
		{FB3DABCD-E019-468A-8D4A-9E73684B07AB}.Release|Mixed Platforms.ActiveCfg = Release|x86
		{FB3DABCD-E019-468A-8D4A-9E73684B07AB}.Release|Mixed Platforms.Build.0 = Release|x86
		{FB3DABCD-E019-468A-8D4A-9E73684B07AB}.Release|x86.ActiveCfg = Release|x86
		{FB3DABCD-E019-468A-8D4A-9E73684B07AB}.Release|x86.Build.0 = Release|x86
		{26548CDF-2AE9-4A05-9722-BCB8642B26C5}.Debug|Any CPU.ActiveCfg = Debug|Any CPU
		{26548CDF-2AE9-4A05-9722-BCB8642B26C5}.Debug|Any CPU.Build.0 = Debug|Any CPU
		{26548CDF-2AE9-4A05-9722-BCB8642B26C5}.Debug|Mixed Platforms.ActiveCfg = Debug|Any CPU
		{26548CDF-2AE9-4A05-9722-BCB8642B26C5}.Debug|Mixed Platforms.Build.0 = Debug|Any CPU
		{26548CDF-2AE9-4A05-9722-BCB8642B26C5}.Debug|x86.ActiveCfg = Debug|Any CPU
		{26548CDF-2AE9-4A05-9722-BCB8642B26C5}.Release|Any CPU.ActiveCfg = Release|Any CPU
		{26548CDF-2AE9-4A05-9722-BCB8642B26C5}.Release|Any CPU.Build.0 = Release|Any CPU
		{26548CDF-2AE9-4A05-9722-BCB8642B26C5}.Release|Mixed Platforms.ActiveCfg = Release|Any CPU
		{26548CDF-2AE9-4A05-9722-BCB8642B26C5}.Release|Mixed Platforms.Build.0 = Release|Any CPU
		{26548CDF-2AE9-4A05-9722-BCB8642B26C5}.Release|x86.ActiveCfg = Release|Any CPU
		{AE952BA2-0452-40A4-A9E8-9C4EBE8FC197}.Debug|Any CPU.ActiveCfg = Debug|Any CPU
		{AE952BA2-0452-40A4-A9E8-9C4EBE8FC197}.Debug|Any CPU.Build.0 = Debug|Any CPU
		{AE952BA2-0452-40A4-A9E8-9C4EBE8FC197}.Debug|Mixed Platforms.ActiveCfg = Debug|Any CPU
		{AE952BA2-0452-40A4-A9E8-9C4EBE8FC197}.Debug|Mixed Platforms.Build.0 = Debug|Any CPU
		{AE952BA2-0452-40A4-A9E8-9C4EBE8FC197}.Debug|x86.ActiveCfg = Debug|Any CPU
		{AE952BA2-0452-40A4-A9E8-9C4EBE8FC197}.Release|Any CPU.ActiveCfg = Release|Any CPU
		{AE952BA2-0452-40A4-A9E8-9C4EBE8FC197}.Release|Any CPU.Build.0 = Release|Any CPU
		{AE952BA2-0452-40A4-A9E8-9C4EBE8FC197}.Release|Mixed Platforms.ActiveCfg = Release|Any CPU
		{AE952BA2-0452-40A4-A9E8-9C4EBE8FC197}.Release|Mixed Platforms.Build.0 = Release|Any CPU
		{AE952BA2-0452-40A4-A9E8-9C4EBE8FC197}.Release|x86.ActiveCfg = Release|Any CPU
		{427CD6F9-B713-49D9-BF1A-4C645EA386E6}.Debug|Any CPU.ActiveCfg = Debug|x86
		{427CD6F9-B713-49D9-BF1A-4C645EA386E6}.Debug|Mixed Platforms.ActiveCfg = Debug|x86
		{427CD6F9-B713-49D9-BF1A-4C645EA386E6}.Debug|Mixed Platforms.Build.0 = Debug|x86
		{427CD6F9-B713-49D9-BF1A-4C645EA386E6}.Debug|x86.ActiveCfg = Debug|x86
		{427CD6F9-B713-49D9-BF1A-4C645EA386E6}.Debug|x86.Build.0 = Debug|x86
		{427CD6F9-B713-49D9-BF1A-4C645EA386E6}.Release|Any CPU.ActiveCfg = Release|x86
		{427CD6F9-B713-49D9-BF1A-4C645EA386E6}.Release|Mixed Platforms.ActiveCfg = Release|x86
		{427CD6F9-B713-49D9-BF1A-4C645EA386E6}.Release|Mixed Platforms.Build.0 = Release|x86
		{427CD6F9-B713-49D9-BF1A-4C645EA386E6}.Release|x86.ActiveCfg = Release|x86
		{427CD6F9-B713-49D9-BF1A-4C645EA386E6}.Release|x86.Build.0 = Release|x86
	EndGlobalSection
	GlobalSection(SolutionProperties) = preSolution
		HideSolutionNode = FALSE
	EndGlobalSection
	GlobalSection(ExtensibilityGlobals) = postSolution
		EnterpriseLibraryConfigurationToolBinariesPathV6 = packages\EnterpriseLibrary.Common.6.0.1304.0\lib\NET45;packages\EnterpriseLibrary.Logging.6.0.1304.0\lib\NET45;packages\EnterpriseLibrary.ExceptionHandling.6.0.1304.0\lib\NET45;packages\EnterpriseLibrary.ExceptionHandling.Logging.6.0.1304.0\lib\NET45
	EndGlobalSection
EndGlobal
