
Microsoft Visual Studio Solution File, Format Version 12.00
# Visual Studio 2012
Project("{FAE04EC0-301F-11D3-BF4B-00C04F79EFBC}") = "AirManager", "AirManager\AirManager.csproj", "{F869FA29-129E-49ED-A42B-99A33DE21123}"
EndProject
Project("{FAE04EC0-301F-11D3-BF4B-00C04F79EFBC}") = "AirManager.Db", "AirManager.Db\AirManager.Db.csproj", "{9B02E5E8-C789-4B2B-9510-458CEB415984}"
EndProject
Project("{FAE04EC0-301F-11D3-BF4B-00C04F79EFBC}") = "AirManager.Menus", "AirManager.Menus\AirManager.Menus.csproj", "{72B8B962-EA68-4645-9D1A-8E24CC1399A2}"
EndProject
Project("{FAE04EC0-301F-11D3-BF4B-00C04F79EFBC}") = "AirManager.Infrastructure", "AirManager.Common\AirManager.Infrastructure.csproj", "{D6074F29-A044-43C0-8D27-34EC5A54D7A5}"
EndProject
Global
	GlobalSection(SolutionConfigurationPlatforms) = preSolution
		Debug|Any CPU = Debug|Any CPU
		Release|Any CPU = Release|Any CPU
	EndGlobalSection
	GlobalSection(ProjectConfigurationPlatforms) = postSolution
		{F869FA29-129E-49ED-A42B-99A33DE21123}.Debug|Any CPU.ActiveCfg = Debug|Any CPU
		{F869FA29-129E-49ED-A42B-99A33DE21123}.Debug|Any CPU.Build.0 = Debug|Any CPU
		{F869FA29-129E-49ED-A42B-99A33DE21123}.Release|Any CPU.ActiveCfg = Release|Any CPU
		{F869FA29-129E-49ED-A42B-99A33DE21123}.Release|Any CPU.Build.0 = Release|Any CPU
		{9B02E5E8-C789-4B2B-9510-458CEB415984}.Debug|Any CPU.ActiveCfg = Debug|Any CPU
		{9B02E5E8-C789-4B2B-9510-458CEB415984}.Debug|Any CPU.Build.0 = Debug|Any CPU
		{9B02E5E8-C789-4B2B-9510-458CEB415984}.Release|Any CPU.ActiveCfg = Release|Any CPU
		{9B02E5E8-C789-4B2B-9510-458CEB415984}.Release|Any CPU.Build.0 = Release|Any CPU
		{72B8B962-EA68-4645-9D1A-8E24CC1399A2}.Debug|Any CPU.ActiveCfg = Debug|Any CPU
		{72B8B962-EA68-4645-9D1A-8E24CC1399A2}.Debug|Any CPU.Build.0 = Debug|Any CPU
		{72B8B962-EA68-4645-9D1A-8E24CC1399A2}.Release|Any CPU.ActiveCfg = Release|Any CPU
		{72B8B962-EA68-4645-9D1A-8E24CC1399A2}.Release|Any CPU.Build.0 = Release|Any CPU
		{D6074F29-A044-43C0-8D27-34EC5A54D7A5}.Debug|Any CPU.ActiveCfg = Debug|Any CPU
		{D6074F29-A044-43C0-8D27-34EC5A54D7A5}.Debug|Any CPU.Build.0 = Debug|Any CPU
		{D6074F29-A044-43C0-8D27-34EC5A54D7A5}.Release|Any CPU.ActiveCfg = Release|Any CPU
		{D6074F29-A044-43C0-8D27-34EC5A54D7A5}.Release|Any CPU.Build.0 = Release|Any CPU
	EndGlobalSection
	GlobalSection(SolutionProperties) = preSolution
		HideSolutionNode = FALSE
	EndGlobalSection
	GlobalSection(ExtensibilityGlobals) = postSolution
		EnterpriseLibraryConfigurationToolBinariesPathV6 = packages\EnterpriseLibrary.Common.6.0.1304.0\lib\NET45;packages\EnterpriseLibrary.Logging.6.0.1304.0\lib\NET45;packages\EnterpriseLibrary.ExceptionHandling.6.0.1304.0\lib\NET45;packages\EnterpriseLibrary.ExceptionHandling.Logging.6.0.1304.0\lib\NET45
	EndGlobalSection
EndGlobal
