
Microsoft Visual Studio Solution File, Format Version 12.00
# Visual Studio 2013
VisualStudioVersion = 12.0.30723.0
MinimumVisualStudioVersion = 10.0.40219.1
Project("{FAE04EC0-301F-11D3-BF4B-00C04F79EFBC}") = "AirManager", "AirManager\AirManager.csproj", "{F869FA29-129E-49ED-A42B-99A33DE21123}"
EndProject
Project("{FAE04EC0-301F-11D3-BF4B-00C04F79EFBC}") = "AirManager.Menus", "AirManager.Menus\AirManager.Menus.csproj", "{72B8B962-EA68-4645-9D1A-8E24CC1399A2}"
EndProject
Project("{FAE04EC0-301F-11D3-BF4B-00C04F79EFBC}") = "AirManager.Infrastructure", "AirManager.Common\AirManager.Infrastructure.csproj", "{D6074F29-A044-43C0-8D27-34EC5A54D7A5}"
EndProject
Project("{FAE04EC0-301F-11D3-BF4B-00C04F79EFBC}") = "AirManager.Airlines", "AirManager.Airlines\AirManager.Airlines.csproj", "{C5D7E898-45AB-453E-B64B-5482783BE899}"
EndProject
Project("{FAE04EC0-301F-11D3-BF4B-00C04F79EFBC}") = "AirManager.Infrastructure.Tests", "AirManager.Infrastructure.Tests\AirManager.Infrastructure.Tests.csproj", "{48CF817B-D6D3-40DE-9415-816F0F4F0555}"
EndProject
Project("{FAE04EC0-301F-11D3-BF4B-00C04F79EFBC}") = "AirManager.Airlines.Tests", "AirManager.Airlines.Tests\AirManager.Airlines.Tests.csproj", "{9EBE22BC-61AA-458D-8B70-8DE887938106}"
EndProject
Project("{FAE04EC0-301F-11D3-BF4B-00C04F79EFBC}") = "AirManager.Menus.Tests", "AirManager.Menus.Tests\AirManager.Menus.Tests.csproj", "{13049639-B57D-4EF6-85CA-C9CF86441314}"
EndProject
Global
	GlobalSection(SolutionConfigurationPlatforms) = preSolution
		Debug|Any CPU = Debug|Any CPU
		Release|Any CPU = Release|Any CPU
	EndGlobalSection
	GlobalSection(ProjectConfigurationPlatforms) = postSolution
		{F869FA29-129E-49ED-A42B-99A33DE21123}.Debug|Any CPU.ActiveCfg = Debug|Any CPU
		{F869FA29-129E-49ED-A42B-99A33DE21123}.Debug|Any CPU.Build.0 = Debug|Any CPU
		{F869FA29-129E-49ED-A42B-99A33DE21123}.Release|Any CPU.ActiveCfg = Release|Any CPU
		{F869FA29-129E-49ED-A42B-99A33DE21123}.Release|Any CPU.Build.0 = Release|Any CPU
		{72B8B962-EA68-4645-9D1A-8E24CC1399A2}.Debug|Any CPU.ActiveCfg = Debug|Any CPU
		{72B8B962-EA68-4645-9D1A-8E24CC1399A2}.Debug|Any CPU.Build.0 = Debug|Any CPU
		{72B8B962-EA68-4645-9D1A-8E24CC1399A2}.Release|Any CPU.ActiveCfg = Release|Any CPU
		{72B8B962-EA68-4645-9D1A-8E24CC1399A2}.Release|Any CPU.Build.0 = Release|Any CPU
		{D6074F29-A044-43C0-8D27-34EC5A54D7A5}.Debug|Any CPU.ActiveCfg = Debug|Any CPU
		{D6074F29-A044-43C0-8D27-34EC5A54D7A5}.Debug|Any CPU.Build.0 = Debug|Any CPU
		{D6074F29-A044-43C0-8D27-34EC5A54D7A5}.Release|Any CPU.ActiveCfg = Release|Any CPU
		{D6074F29-A044-43C0-8D27-34EC5A54D7A5}.Release|Any CPU.Build.0 = Release|Any CPU
		{C5D7E898-45AB-453E-B64B-5482783BE899}.Debug|Any CPU.ActiveCfg = Debug|Any CPU
		{C5D7E898-45AB-453E-B64B-5482783BE899}.Debug|Any CPU.Build.0 = Debug|Any CPU
		{C5D7E898-45AB-453E-B64B-5482783BE899}.Release|Any CPU.ActiveCfg = Release|Any CPU
		{C5D7E898-45AB-453E-B64B-5482783BE899}.Release|Any CPU.Build.0 = Release|Any CPU
		{48CF817B-D6D3-40DE-9415-816F0F4F0555}.Debug|Any CPU.ActiveCfg = Debug|Any CPU
		{48CF817B-D6D3-40DE-9415-816F0F4F0555}.Debug|Any CPU.Build.0 = Debug|Any CPU
		{48CF817B-D6D3-40DE-9415-816F0F4F0555}.Release|Any CPU.ActiveCfg = Release|Any CPU
		{48CF817B-D6D3-40DE-9415-816F0F4F0555}.Release|Any CPU.Build.0 = Release|Any CPU
		{9EBE22BC-61AA-458D-8B70-8DE887938106}.Debug|Any CPU.ActiveCfg = Debug|Any CPU
		{9EBE22BC-61AA-458D-8B70-8DE887938106}.Debug|Any CPU.Build.0 = Debug|Any CPU
		{9EBE22BC-61AA-458D-8B70-8DE887938106}.Release|Any CPU.ActiveCfg = Release|Any CPU
		{9EBE22BC-61AA-458D-8B70-8DE887938106}.Release|Any CPU.Build.0 = Release|Any CPU
		{13049639-B57D-4EF6-85CA-C9CF86441314}.Debug|Any CPU.ActiveCfg = Debug|Any CPU
		{13049639-B57D-4EF6-85CA-C9CF86441314}.Debug|Any CPU.Build.0 = Debug|Any CPU
		{13049639-B57D-4EF6-85CA-C9CF86441314}.Release|Any CPU.ActiveCfg = Release|Any CPU
		{13049639-B57D-4EF6-85CA-C9CF86441314}.Release|Any CPU.Build.0 = Release|Any CPU
	EndGlobalSection
	GlobalSection(SolutionProperties) = preSolution
		HideSolutionNode = FALSE
	EndGlobalSection
	GlobalSection(ExtensibilityGlobals) = postSolution
		EnterpriseLibraryConfigurationToolBinariesPathV6 = packages\EnterpriseLibrary.Common.6.0.1304.0\lib\NET45;packages\EnterpriseLibrary.Logging.6.0.1304.0\lib\NET45;packages\EnterpriseLibrary.ExceptionHandling.6.0.1304.0\lib\NET45;packages\EnterpriseLibrary.ExceptionHandling.Logging.6.0.1304.0\lib\NET45
	EndGlobalSection
EndGlobal
